
Microsoft Visual Studio Solution File, Format Version 12.00
# Visual Studio Version 17
VisualStudioVersion = 17.5.33516.290
MinimumVisualStudioVersion = 10.0.40219.1
Project("{888888A0-9F3D-457C-B088-3A5042F75D52}") = "student repo in python", "student repo in python\student repo in python.pyproj", "{DBF8B97A-E71E-4419-8938-5771798C1CBB}"
EndProject
Global
	GlobalSection(SolutionConfigurationPlatforms) = preSolution
		Debug|Any CPU = Debug|Any CPU
		Release|Any CPU = Release|Any CPU
	EndGlobalSection
	GlobalSection(ProjectConfigurationPlatforms) = postSolution
		{DBF8B97A-E71E-4419-8938-5771798C1CBB}.Debug|Any CPU.ActiveCfg = Debug|Any CPU
		{DBF8B97A-E71E-4419-8938-5771798C1CBB}.Release|Any CPU.ActiveCfg = Release|Any CPU
	EndGlobalSection
	GlobalSection(SolutionProperties) = preSolution
		HideSolutionNode = FALSE
	EndGlobalSection
	GlobalSection(ExtensibilityGlobals) = postSolution
		SolutionGuid = {54F133DD-9F22-499B-9F77-1D6F4D8804B4}
	EndGlobalSection
EndGlobal
